{
  "name": "vuex-overlay",
  "version": "1.0.0",
  "lockfileVersion": 2,
  "requires": true,
  "packages": {
    "": {
      "version": "1.0.0",
      "license": "MPL-2.0",
      "dependencies": {
        "@fortawesome/fontawesome-free": "^5.15.1",
        "@vueuse/core": "^4.0.2",
        "lodash": "^4.17.20",
        "vue": "^3.0.5",
        "vue-json-pretty": "^2.0.1",
        "vuex": "^4.0.0-rc.2"
      }
    },
    "node_modules/@babel/helper-validator-identifier": {
      "version": "7.12.11",
      "resolved": "https://registry.npmjs.org/@babel/helper-validator-identifier/-/helper-validator-identifier-7.12.11.tgz",
      "integrity": "sha512-np/lG3uARFybkoHokJUmf1QfEvRVCPbmQeUQpKow5cQ3xWrV9i3rUHodKDJPQfTVX61qKi+UdYk8kik84n7XOw=="
    },
    "node_modules/@babel/parser": {
      "version": "7.12.11",
      "resolved": "https://registry.npmjs.org/@babel/parser/-/parser-7.12.11.tgz",
      "integrity": "sha512-N3UxG+uuF4CMYoNj8AhnbAcJF0PiuJ9KHuy1lQmkYsxTer/MAH9UBNHsBoAX/4s6NvlDD047No8mYVGGzLL4hg==",
      "bin": {
        "parser": "bin/babel-parser.js"
      },
      "engines": {
        "node": ">=6.0.0"
      }
    },
    "node_modules/@babel/types": {
      "version": "7.12.12",
      "resolved": "https://registry.npmjs.org/@babel/types/-/types-7.12.12.tgz",
      "integrity": "sha512-lnIX7piTxOH22xE7fDXDbSHg9MM1/6ORnafpJmov5rs0kX5g4BZxeXNJLXsMRiO0U5Rb8/FvMS6xlTnTHvxonQ==",
      "dependencies": {
        "@babel/helper-validator-identifier": "^7.12.11",
        "lodash": "^4.17.19",
        "to-fast-properties": "^2.0.0"
      }
    },
    "node_modules/@fortawesome/fontawesome-free": {
      "version": "5.15.1",
      "resolved": "https://registry.npmjs.org/@fortawesome/fontawesome-free/-/fontawesome-free-5.15.1.tgz",
      "integrity": "sha512-OEdH7SyC1suTdhBGW91/zBfR6qaIhThbcN8PUXtXilY4GYnSBbVqOntdHbC1vXwsDnX0Qix2m2+DSU1J51ybOQ==",
      "hasInstallScript": true,
      "engines": {
        "node": ">=6"
      }
    },
    "node_modules/@vue/compiler-core": {
      "version": "3.0.5",
      "resolved": "https://registry.npmjs.org/@vue/compiler-core/-/compiler-core-3.0.5.tgz",
      "integrity": "sha512-iFXwk2gmU/GGwN4hpBwDWWMLvpkIejf/AybcFtlQ5V1ur+5jwfBaV0Y1RXoR6ePfBPJixtKZ3PmN+M+HgMAtfQ==",
      "dependencies": {
        "@babel/parser": "^7.12.0",
        "@babel/types": "^7.12.0",
        "@vue/shared": "3.0.5",
        "estree-walker": "^2.0.1",
        "source-map": "^0.6.1"
      }
    },
    "node_modules/@vue/compiler-dom": {
      "version": "3.0.5",
      "resolved": "https://registry.npmjs.org/@vue/compiler-dom/-/compiler-dom-3.0.5.tgz",
      "integrity": "sha512-HSOSe2XSPuCkp20h4+HXSiPH9qkhz6YbW9z9ZtL5vef2T2PMugH7/osIFVSrRZP/Ul5twFZ7MIRlp8tPX6e4/g==",
      "dependencies": {
        "@vue/compiler-core": "3.0.5",
        "@vue/shared": "3.0.5"
      }
    },
    "node_modules/@vue/reactivity": {
      "version": "3.0.5",
      "resolved": "https://registry.npmjs.org/@vue/reactivity/-/reactivity-3.0.5.tgz",
      "integrity": "sha512-3xodUE3sEIJgS7ntwUbopIpzzvi7vDAOjVamfb2l+v1FUg0jpd3gf62N2wggJw3fxBMr+QvyxpD+dBoxLsmAjw==",
      "dependencies": {
        "@vue/shared": "3.0.5"
      }
    },
    "node_modules/@vue/runtime-core": {
      "version": "3.0.5",
      "resolved": "https://registry.npmjs.org/@vue/runtime-core/-/runtime-core-3.0.5.tgz",
      "integrity": "sha512-Cnyi2NqREwOLcTEsIi1DQX1hHtkVj4eGm4hBG7HhokS05DqpK4/80jG6PCCnCH9rIJDB2FqtaODX397210plXg==",
      "dependencies": {
        "@vue/reactivity": "3.0.5",
        "@vue/shared": "3.0.5"
      }
    },
    "node_modules/@vue/runtime-dom": {
      "version": "3.0.5",
      "resolved": "https://registry.npmjs.org/@vue/runtime-dom/-/runtime-dom-3.0.5.tgz",
      "integrity": "sha512-iilX1KySeIzHHtErT6Y44db1rhWK5tAI0CiJIPr+SJoZ2jbjoOSE6ff/jfIQakchbm1d6jq6VtRVnp5xYdOXKA==",
      "dependencies": {
        "@vue/runtime-core": "3.0.5",
        "@vue/shared": "3.0.5",
        "csstype": "^2.6.8"
      }
    },
    "node_modules/@vue/shared": {
      "version": "3.0.5",
      "resolved": "https://registry.npmjs.org/@vue/shared/-/shared-3.0.5.tgz",
      "integrity": "sha512-gYsNoGkWejBxNO6SNRjOh/xKeZ0H0V+TFzaPzODfBjkAIb0aQgBuixC1brandC/CDJy1wYPwSoYrXpvul7m6yw=="
    },
    "node_modules/@vueuse/core": {
      "version": "4.0.2",
      "resolved": "https://registry.npmjs.org/@vueuse/core/-/core-4.0.2.tgz",
      "integrity": "sha512-ZN0g/gfiQRLfzl1VBRU6EuNvk/AR5Q1gnnxNCoYK66NN2ufID9NTK0RCiWia/e04whS6Z+l8ESw8Ec4FIGJ7WQ==",
      "dependencies": {
        "@vueuse/shared": "4.0.2",
        "vue-demi": "latest"
      }
    },
    "node_modules/@vueuse/shared": {
      "version": "4.0.2",
      "resolved": "https://registry.npmjs.org/@vueuse/shared/-/shared-4.0.2.tgz",
      "integrity": "sha512-SxfyeFDjOk3ymtZgNZdTbUO9hCV1jQFzi+PI0b12zvkO+7hc2LdXInlZI7U42RBwKzHd1LVos1e1VQf+BPZbOA==",
      "dependencies": {
        "vue-demi": "latest"
      }
    },
    "node_modules/csstype": {
      "version": "2.6.14",
      "resolved": "https://registry.npmjs.org/csstype/-/csstype-2.6.14.tgz",
      "integrity": "sha512-2mSc+VEpGPblzAxyeR+vZhJKgYg0Og0nnRi7pmRXFYYxSfnOnW8A5wwQb4n4cE2nIOzqKOAzLCaEX6aBmNEv8A=="
    },
    "node_modules/estree-walker": {
      "version": "2.0.2",
      "resolved": "https://registry.npmjs.org/estree-walker/-/estree-walker-2.0.2.tgz",
      "integrity": "sha512-Rfkk/Mp/DL7JVje3u18FxFujQlTNR2q6QfMSMB7AvCBx91NGj/ba3kCfza0f6dVDbw7YlRf/nDrn7pQrCCyQ/w=="
    },
    "node_modules/lodash": {
      "version": "4.17.20",
      "resolved": "https://registry.npmjs.org/lodash/-/lodash-4.17.20.tgz",
      "integrity": "sha512-PlhdFcillOINfeV7Ni6oF1TAEayyZBoZ8bcshTHqOYJYlrqzRK5hagpagky5o4HfCzzd1TRkXPMFq6cKk9rGmA=="
    },
    "node_modules/source-map": {
      "version": "0.6.1",
      "resolved": "https://registry.npmjs.org/source-map/-/source-map-0.6.1.tgz",
      "integrity": "sha512-UjgapumWlbMhkBgzT7Ykc5YXUT46F0iKu8SGXq0bcwP5dz/h0Plj6enJqjz1Zbq2l5WaqYnrVbwWOWMyF3F47g==",
      "engines": {
        "node": ">=0.10.0"
      }
    },
    "node_modules/to-fast-properties": {
      "version": "2.0.0",
      "resolved": "https://registry.npmjs.org/to-fast-properties/-/to-fast-properties-2.0.0.tgz",
      "integrity": "sha1-3F5pjL0HkmW8c+A3doGk5Og/YW4=",
      "engines": {
        "node": ">=4"
      }
    },
    "node_modules/vue": {
      "version": "3.0.5",
      "resolved": "https://registry.npmjs.org/vue/-/vue-3.0.5.tgz",
      "integrity": "sha512-TfaprOmtsAfhQau7WsomXZ8d9op/dkQLNIq8qPV3A0Vxs6GR5E+c1rfJS1SDkXRQj+dFyfnec7+U0Be1huiScg==",
      "dependencies": {
        "@vue/compiler-dom": "3.0.5",
        "@vue/runtime-dom": "3.0.5",
        "@vue/shared": "3.0.5"
      }
    },
    "node_modules/vue-demi": {
      "version": "0.5.3",
      "resolved": "https://registry.npmjs.org/vue-demi/-/vue-demi-0.5.3.tgz",
      "integrity": "sha512-1uW/aIJOEkRbyK3FBeReKbbMAZc/V5yUo4FQRprufm4GgMnAmJSSyk8mTJ9IgR4pbbCsQ7FddVHcuwz4IDEfGg==",
      "hasInstallScript": true,
      "bin": {
        "vue-demi-fix": "bin/vue-demi-fix.js",
        "vue-demi-switch": "bin/vue-demi-switch.js"
      },
      "peerDependencies": {
        "vue": "^2.6.0 || >=3.0.0-rc.1"
      }
    },
    "node_modules/vue-json-pretty": {
      "version": "2.0.1",
      "resolved": "https://registry.npmjs.org/vue-json-pretty/-/vue-json-pretty-2.0.1.tgz",
      "integrity": "sha512-cxfHY8mRsd55vg4QU1M+tUMVVOgmr8ovi9D88mblYkAWKPScLnqwF9LergFi37ZnNBVoLb3qxDWVXP0UB4PpYg==",
      "engines": {
        "node": ">= 10.0.0",
        "npm": ">= 5.0.0"
      }
    },
    "node_modules/vuex": {
      "version": "4.0.0-rc.2",
      "resolved": "https://registry.npmjs.org/vuex/-/vuex-4.0.0-rc.2.tgz",
      "integrity": "sha512-HCPzYGea1xL7fMpDoMiHKujC1Bi/HM9LS5ML0Kv55zQtZJvOl0Lq7eWvJoen+SI4Lf7p9V5AqcVsoLPXNBywjg==",
      "peerDependencies": {
        "vue": "^3.0.2"
      }
    }
  },
  "dependencies": {
    "@babel/helper-validator-identifier": {
      "version": "7.12.11",
      "resolved": "https://registry.npmjs.org/@babel/helper-validator-identifier/-/helper-validator-identifier-7.12.11.tgz",
      "integrity": "sha512-np/lG3uARFybkoHokJUmf1QfEvRVCPbmQeUQpKow5cQ3xWrV9i3rUHodKDJPQfTVX61qKi+UdYk8kik84n7XOw=="
    },
    "@babel/parser": {
      "version": "7.12.11",
      "resolved": "https://registry.npmjs.org/@babel/parser/-/parser-7.12.11.tgz",
      "integrity": "sha512-N3UxG+uuF4CMYoNj8AhnbAcJF0PiuJ9KHuy1lQmkYsxTer/MAH9UBNHsBoAX/4s6NvlDD047No8mYVGGzLL4hg=="
    },
    "@babel/types": {
      "version": "7.12.12",
      "resolved": "https://registry.npmjs.org/@babel/types/-/types-7.12.12.tgz",
      "integrity": "sha512-lnIX7piTxOH22xE7fDXDbSHg9MM1/6ORnafpJmov5rs0kX5g4BZxeXNJLXsMRiO0U5Rb8/FvMS6xlTnTHvxonQ==",
      "requires": {
        "@babel/helper-validator-identifier": "^7.12.11",
        "lodash": "^4.17.19",
        "to-fast-properties": "^2.0.0"
      }
    },
    "@fortawesome/fontawesome-free": {
      "version": "5.15.1",
      "resolved": "https://registry.npmjs.org/@fortawesome/fontawesome-free/-/fontawesome-free-5.15.1.tgz",
      "integrity": "sha512-OEdH7SyC1suTdhBGW91/zBfR6qaIhThbcN8PUXtXilY4GYnSBbVqOntdHbC1vXwsDnX0Qix2m2+DSU1J51ybOQ=="
    },
    "@vue/compiler-core": {
      "version": "3.0.5",
      "resolved": "https://registry.npmjs.org/@vue/compiler-core/-/compiler-core-3.0.5.tgz",
      "integrity": "sha512-iFXwk2gmU/GGwN4hpBwDWWMLvpkIejf/AybcFtlQ5V1ur+5jwfBaV0Y1RXoR6ePfBPJixtKZ3PmN+M+HgMAtfQ==",
      "requires": {
        "@babel/parser": "^7.12.0",
        "@babel/types": "^7.12.0",
        "@vue/shared": "3.0.5",
        "estree-walker": "^2.0.1",
        "source-map": "^0.6.1"
      }
    },
    "@vue/compiler-dom": {
      "version": "3.0.5",
      "resolved": "https://registry.npmjs.org/@vue/compiler-dom/-/compiler-dom-3.0.5.tgz",
      "integrity": "sha512-HSOSe2XSPuCkp20h4+HXSiPH9qkhz6YbW9z9ZtL5vef2T2PMugH7/osIFVSrRZP/Ul5twFZ7MIRlp8tPX6e4/g==",
      "requires": {
        "@vue/compiler-core": "3.0.5",
        "@vue/shared": "3.0.5"
      }
    },
    "@vue/reactivity": {
      "version": "3.0.5",
      "resolved": "https://registry.npmjs.org/@vue/reactivity/-/reactivity-3.0.5.tgz",
      "integrity": "sha512-3xodUE3sEIJgS7ntwUbopIpzzvi7vDAOjVamfb2l+v1FUg0jpd3gf62N2wggJw3fxBMr+QvyxpD+dBoxLsmAjw==",
      "requires": {
        "@vue/shared": "3.0.5"
      }
    },
    "@vue/runtime-core": {
      "version": "3.0.5",
      "resolved": "https://registry.npmjs.org/@vue/runtime-core/-/runtime-core-3.0.5.tgz",
      "integrity": "sha512-Cnyi2NqREwOLcTEsIi1DQX1hHtkVj4eGm4hBG7HhokS05DqpK4/80jG6PCCnCH9rIJDB2FqtaODX397210plXg==",
      "requires": {
        "@vue/reactivity": "3.0.5",
        "@vue/shared": "3.0.5"
      }
    },
    "@vue/runtime-dom": {
      "version": "3.0.5",
      "resolved": "https://registry.npmjs.org/@vue/runtime-dom/-/runtime-dom-3.0.5.tgz",
      "integrity": "sha512-iilX1KySeIzHHtErT6Y44db1rhWK5tAI0CiJIPr+SJoZ2jbjoOSE6ff/jfIQakchbm1d6jq6VtRVnp5xYdOXKA==",
      "requires": {
        "@vue/runtime-core": "3.0.5",
        "@vue/shared": "3.0.5",
        "csstype": "^2.6.8"
      }
    },
    "@vue/shared": {
      "version": "3.0.5",
      "resolved": "https://registry.npmjs.org/@vue/shared/-/shared-3.0.5.tgz",
      "integrity": "sha512-gYsNoGkWejBxNO6SNRjOh/xKeZ0H0V+TFzaPzODfBjkAIb0aQgBuixC1brandC/CDJy1wYPwSoYrXpvul7m6yw=="
    },
    "@vueuse/core": {
      "version": "4.0.2",
      "resolved": "https://registry.npmjs.org/@vueuse/core/-/core-4.0.2.tgz",
      "integrity": "sha512-ZN0g/gfiQRLfzl1VBRU6EuNvk/AR5Q1gnnxNCoYK66NN2ufID9NTK0RCiWia/e04whS6Z+l8ESw8Ec4FIGJ7WQ==",
      "requires": {
        "@vueuse/shared": "4.0.2",
        "vue-demi": "latest"
      }
    },
    "@vueuse/shared": {
      "version": "4.0.2",
      "resolved": "https://registry.npmjs.org/@vueuse/shared/-/shared-4.0.2.tgz",
      "integrity": "sha512-SxfyeFDjOk3ymtZgNZdTbUO9hCV1jQFzi+PI0b12zvkO+7hc2LdXInlZI7U42RBwKzHd1LVos1e1VQf+BPZbOA==",
      "requires": {
        "vue-demi": "latest"
      }
    },
    "csstype": {
      "version": "2.6.14",
      "resolved": "https://registry.npmjs.org/csstype/-/csstype-2.6.14.tgz",
      "integrity": "sha512-2mSc+VEpGPblzAxyeR+vZhJKgYg0Og0nnRi7pmRXFYYxSfnOnW8A5wwQb4n4cE2nIOzqKOAzLCaEX6aBmNEv8A=="
    },
    "estree-walker": {
      "version": "2.0.2",
      "resolved": "https://registry.npmjs.org/estree-walker/-/estree-walker-2.0.2.tgz",
      "integrity": "sha512-Rfkk/Mp/DL7JVje3u18FxFujQlTNR2q6QfMSMB7AvCBx91NGj/ba3kCfza0f6dVDbw7YlRf/nDrn7pQrCCyQ/w=="
    },
    "lodash": {
      "version": "4.17.20",
      "resolved": "https://registry.npmjs.org/lodash/-/lodash-4.17.20.tgz",
      "integrity": "sha512-PlhdFcillOINfeV7Ni6oF1TAEayyZBoZ8bcshTHqOYJYlrqzRK5hagpagky5o4HfCzzd1TRkXPMFq6cKk9rGmA=="
    },
    "source-map": {
      "version": "0.6.1",
      "resolved": "https://registry.npmjs.org/source-map/-/source-map-0.6.1.tgz",
      "integrity": "sha512-UjgapumWlbMhkBgzT7Ykc5YXUT46F0iKu8SGXq0bcwP5dz/h0Plj6enJqjz1Zbq2l5WaqYnrVbwWOWMyF3F47g=="
    },
    "to-fast-properties": {
      "version": "2.0.0",
      "resolved": "https://registry.npmjs.org/to-fast-properties/-/to-fast-properties-2.0.0.tgz",
      "integrity": "sha1-3F5pjL0HkmW8c+A3doGk5Og/YW4="
    },
    "vue": {
      "version": "3.0.5",
      "resolved": "https://registry.npmjs.org/vue/-/vue-3.0.5.tgz",
      "integrity": "sha512-TfaprOmtsAfhQau7WsomXZ8d9op/dkQLNIq8qPV3A0Vxs6GR5E+c1rfJS1SDkXRQj+dFyfnec7+U0Be1huiScg==",
      "requires": {
        "@vue/compiler-dom": "3.0.5",
        "@vue/runtime-dom": "3.0.5",
        "@vue/shared": "3.0.5"
      }
    },
    "vue-demi": {
      "version": "0.5.3",
      "resolved": "https://registry.npmjs.org/vue-demi/-/vue-demi-0.5.3.tgz",
      "integrity": "sha512-1uW/aIJOEkRbyK3FBeReKbbMAZc/V5yUo4FQRprufm4GgMnAmJSSyk8mTJ9IgR4pbbCsQ7FddVHcuwz4IDEfGg==",
      "requires": {}
    },
    "vue-json-pretty": {
      "version": "2.0.1",
      "resolved": "https://registry.npmjs.org/vue-json-pretty/-/vue-json-pretty-2.0.1.tgz",
      "integrity": "sha512-cxfHY8mRsd55vg4QU1M+tUMVVOgmr8ovi9D88mblYkAWKPScLnqwF9LergFi37ZnNBVoLb3qxDWVXP0UB4PpYg=="
    },
    "vuex": {
      "version": "4.0.0-rc.2",
      "resolved": "https://registry.npmjs.org/vuex/-/vuex-4.0.0-rc.2.tgz",
      "integrity": "sha512-HCPzYGea1xL7fMpDoMiHKujC1Bi/HM9LS5ML0Kv55zQtZJvOl0Lq7eWvJoen+SI4Lf7p9V5AqcVsoLPXNBywjg==",
      "requires": {}
    }
  }
}
